
Microsoft Visual Studio Solution File, Format Version 12.00
# Visual Studio Version 17
VisualStudioVersion = 17.2.32526.322
MinimumVisualStudioVersion = 10.0.40219.1
Project("{FAE04EC0-301F-11D3-BF4B-00C04F79EFBC}") = "Comics", "Comics\Comics.csproj", "{C0FDDAC4-3CB8-4D72-B9BF-01D4A40B3081}"
EndProject
Global
	GlobalSection(SolutionConfigurationPlatforms) = preSolution
		Debug|Any CPU = Debug|Any CPU
		Release|Any CPU = Release|Any CPU
	EndGlobalSection
	GlobalSection(ProjectConfigurationPlatforms) = postSolution
		{C0FDDAC4-3CB8-4D72-B9BF-01D4A40B3081}.Debug|Any CPU.ActiveCfg = Debug|Any CPU
		{C0FDDAC4-3CB8-4D72-B9BF-01D4A40B3081}.Debug|Any CPU.Build.0 = Debug|Any CPU
		{C0FDDAC4-3CB8-4D72-B9BF-01D4A40B3081}.Release|Any CPU.ActiveCfg = Release|Any CPU
		{C0FDDAC4-3CB8-4D72-B9BF-01D4A40B3081}.Release|Any CPU.Build.0 = Release|Any CPU
	EndGlobalSection
	GlobalSection(SolutionProperties) = preSolution
		HideSolutionNode = FALSE
	EndGlobalSection
	GlobalSection(ExtensibilityGlobals) = postSolution
		SolutionGuid = {780E5465-3CA7-4240-8794-4CD56AD6AB2A}
	EndGlobalSection
EndGlobal
